// !$*UTF8*$!
{
	archiveVersion = 1;
	classes = {
	};
	objectVersion = 60;
	objects = {

/* Begin PBXBuildFile section */
		D9107CFB2B6703D80039F40D /* NavigationActionListView.swift in Sources */ = {isa = PBXBuildFile; fileRef = D9107CFA2B6703D80039F40D /* NavigationActionListView.swift */; };
		D91AD1F42D0D0BDC00C0FEAA /* LaunchScreen.storyboard in Resources */ = {isa = PBXBuildFile; fileRef = D91AD1F32D0D0BDC00C0FEAA /* LaunchScreen.storyboard */; };
		D9204C0C2DE661EF004D632D /* MyTabPageDataSource.swift in Sources */ = {isa = PBXBuildFile; fileRef = D9204C0B2DE661EC004D632D /* MyTabPageDataSource.swift */; };
		D92B4E582DEDFC77000A8B3D /* DefaultTabCoordinator.swift in Sources */ = {isa = PBXBuildFile; fileRef = D92B4E572DEDFC77000A8B3D /* DefaultTabCoordinator.swift */; };
		D95389212B643BAD000E3357 /* SUICoordinatorExampleApp.swift in Sources */ = {isa = PBXBuildFile; fileRef = D95389202B643BAD000E3357 /* SUICoordinatorExampleApp.swift */; };
		D95389232B643BAD000E3357 /* ContentView.swift in Sources */ = {isa = PBXBuildFile; fileRef = D95389222B643BAD000E3357 /* ContentView.swift */; };
		D95389252B643BAE000E3357 /* Assets.xcassets in Resources */ = {isa = PBXBuildFile; fileRef = D95389242B643BAE000E3357 /* Assets.xcassets */; };
		D95389282B643BAE000E3357 /* Preview Assets.xcassets in Resources */ = {isa = PBXBuildFile; fileRef = D95389272B643BAE000E3357 /* Preview Assets.xcassets */; };
		D95389792B643C70000E3357 /* SUICoordinator in Frameworks */ = {isa = PBXBuildFile; productRef = D95389782B643C70000E3357 /* SUICoordinator */; };
		D95959E72DF791CE00E8CE28 /* CustomTabView.swift in Sources */ = {isa = PBXBuildFile; fileRef = D95959E52DF791CE00E8CE28 /* CustomTabView.swift */; };
		D95959E82DF791CE00E8CE28 /* CustomTabCoordinator.swift in Sources */ = {isa = PBXBuildFile; fileRef = D95959E42DF791CE00E8CE28 /* CustomTabCoordinator.swift */; };
		D9630FFD2DE6B6EB00796C0C /* CoordinatorActionListViewModel.swift in Sources */ = {isa = PBXBuildFile; fileRef = D9630FFC2DE6B6EB00796C0C /* CoordinatorActionListViewModel.swift */; };
		D9630FFF2DE6B73800796C0C /* CoordinatorActionListView.swift in Sources */ = {isa = PBXBuildFile; fileRef = D9630FFE2DE6B73800796C0C /* CoordinatorActionListView.swift */; };
		D9A4D2162DE65AC900FBAF4E /* NavigationHubCoordinator.swift in Sources */ = {isa = PBXBuildFile; fileRef = D9A4D2152DE65AC900FBAF4E /* NavigationHubCoordinator.swift */; };
		D9A4D2182DE65AF600FBAF4E /* MyTabPage.swift in Sources */ = {isa = PBXBuildFile; fileRef = D9A4D2172DE65AF600FBAF4E /* MyTabPage.swift */; };
		D9A4D21A2DE65F4700FBAF4E /* DefaultTabView.swift in Sources */ = {isa = PBXBuildFile; fileRef = D9A4D2192DE65F4700FBAF4E /* DefaultTabView.swift */; };
		D9B455FE2B643FBD004DD03A /* NavigationActionListDetailView.swift in Sources */ = {isa = PBXBuildFile; fileRef = D9B455D42B643FBD004DD03A /* NavigationActionListDetailView.swift */; };
		D9B455FF2B643FBD004DD03A /* NavigationActionListDetailViewModel.swift in Sources */ = {isa = PBXBuildFile; fileRef = D9B455D52B643FBD004DD03A /* NavigationActionListDetailViewModel.swift */; };
		D9B456042B643FBD004DD03A /* ActionListViewModel.swift in Sources */ = {isa = PBXBuildFile; fileRef = D9B455DD2B643FBD004DD03A /* ActionListViewModel.swift */; };
		D9B456152B643FBD004DD03A /* HomeRoute.swift in Sources */ = {isa = PBXBuildFile; fileRef = D9B455FA2B643FBD004DD03A /* HomeRoute.swift */; };
		D9B456162B643FBD004DD03A /* HomeCoordinator.swift in Sources */ = {isa = PBXBuildFile; fileRef = D9B455FB2B643FBD004DD03A /* HomeCoordinator.swift */; };
/* End PBXBuildFile section */

/* Begin PBXFileReference section */
		D9107CFA2B6703D80039F40D /* NavigationActionListView.swift */ = {isa = PBXFileReference; fileEncoding = 4; lastKnownFileType = sourcecode.swift; path = NavigationActionListView.swift; sourceTree = "<group>"; };
		D91AD1F32D0D0BDC00C0FEAA /* LaunchScreen.storyboard */ = {isa = PBXFileReference; lastKnownFileType = file.storyboard; path = LaunchScreen.storyboard; sourceTree = "<group>"; };
		D91AD1F52D0D0E6200C0FEAA /* Info.plist */ = {isa = PBXFileReference; lastKnownFileType = text.plist; path = Info.plist; sourceTree = "<group>"; };
		D9204C0B2DE661EC004D632D /* MyTabPageDataSource.swift */ = {isa = PBXFileReference; lastKnownFileType = sourcecode.swift; path = MyTabPageDataSource.swift; sourceTree = "<group>"; };
		D92B4E572DEDFC77000A8B3D /* DefaultTabCoordinator.swift */ = {isa = PBXFileReference; lastKnownFileType = sourcecode.swift; path = DefaultTabCoordinator.swift; sourceTree = "<group>"; };
		D953891D2B643BAD000E3357 /* SUICoordinatorExample.app */ = {isa = PBXFileReference; explicitFileType = wrapper.application; includeInIndex = 0; path = SUICoordinatorExample.app; sourceTree = BUILT_PRODUCTS_DIR; };
		D95389202B643BAD000E3357 /* SUICoordinatorExampleApp.swift */ = {isa = PBXFileReference; lastKnownFileType = sourcecode.swift; path = SUICoordinatorExampleApp.swift; sourceTree = "<group>"; };
		D95389222B643BAD000E3357 /* ContentView.swift */ = {isa = PBXFileReference; lastKnownFileType = sourcecode.swift; path = ContentView.swift; sourceTree = "<group>"; };
		D95389242B643BAE000E3357 /* Assets.xcassets */ = {isa = PBXFileReference; lastKnownFileType = folder.assetcatalog; path = Assets.xcassets; sourceTree = "<group>"; };
		D95389272B643BAE000E3357 /* Preview Assets.xcassets */ = {isa = PBXFileReference; lastKnownFileType = folder.assetcatalog; path = "Preview Assets.xcassets"; sourceTree = "<group>"; };
		D95959E42DF791CE00E8CE28 /* CustomTabCoordinator.swift */ = {isa = PBXFileReference; lastKnownFileType = sourcecode.swift; path = CustomTabCoordinator.swift; sourceTree = "<group>"; };
		D95959E52DF791CE00E8CE28 /* CustomTabView.swift */ = {isa = PBXFileReference; lastKnownFileType = sourcecode.swift; path = CustomTabView.swift; sourceTree = "<group>"; };
		D9630FFC2DE6B6EB00796C0C /* CoordinatorActionListViewModel.swift */ = {isa = PBXFileReference; lastKnownFileType = sourcecode.swift; path = CoordinatorActionListViewModel.swift; sourceTree = "<group>"; };
		D9630FFE2DE6B73800796C0C /* CoordinatorActionListView.swift */ = {isa = PBXFileReference; lastKnownFileType = sourcecode.swift; path = CoordinatorActionListView.swift; sourceTree = "<group>"; };
		D9A4D2152DE65AC900FBAF4E /* NavigationHubCoordinator.swift */ = {isa = PBXFileReference; lastKnownFileType = sourcecode.swift; path = NavigationHubCoordinator.swift; sourceTree = "<group>"; };
		D9A4D2172DE65AF600FBAF4E /* MyTabPage.swift */ = {isa = PBXFileReference; lastKnownFileType = sourcecode.swift; path = MyTabPage.swift; sourceTree = "<group>"; };
		D9A4D2192DE65F4700FBAF4E /* DefaultTabView.swift */ = {isa = PBXFileReference; lastKnownFileType = sourcecode.swift; path = DefaultTabView.swift; sourceTree = "<group>"; };
		D9B455D42B643FBD004DD03A /* NavigationActionListDetailView.swift */ = {isa = PBXFileReference; fileEncoding = 4; lastKnownFileType = sourcecode.swift; path = NavigationActionListDetailView.swift; sourceTree = "<group>"; };
		D9B455D52B643FBD004DD03A /* NavigationActionListDetailViewModel.swift */ = {isa = PBXFileReference; fileEncoding = 4; lastKnownFileType = sourcecode.swift; path = NavigationActionListDetailViewModel.swift; sourceTree = "<group>"; };
		D9B455DD2B643FBD004DD03A /* ActionListViewModel.swift */ = {isa = PBXFileReference; fileEncoding = 4; lastKnownFileType = sourcecode.swift; path = ActionListViewModel.swift; sourceTree = "<group>"; };
		D9B455FA2B643FBD004DD03A /* HomeRoute.swift */ = {isa = PBXFileReference; fileEncoding = 4; lastKnownFileType = sourcecode.swift; path = HomeRoute.swift; sourceTree = "<group>"; };
		D9B455FB2B643FBD004DD03A /* HomeCoordinator.swift */ = {isa = PBXFileReference; fileEncoding = 4; lastKnownFileType = sourcecode.swift; path = HomeCoordinator.swift; sourceTree = "<group>"; };
/* End PBXFileReference section */

/* Begin PBXFrameworksBuildPhase section */
		D953891A2B643BAD000E3357 /* Frameworks */ = {
			isa = PBXFrameworksBuildPhase;
			buildActionMask = 2147483647;
			files = (
				D95389792B643C70000E3357 /* SUICoordinator in Frameworks */,
			);
			runOnlyForDeploymentPostprocessing = 0;
		};
/* End PBXFrameworksBuildPhase section */

/* Begin PBXGroup section */
		D91AD1F12D0D0BAD00C0FEAA /* LaunchScreen */ = {
			isa = PBXGroup;
			children = (
				D91AD1F32D0D0BDC00C0FEAA /* LaunchScreen.storyboard */,
			);
			path = LaunchScreen;
			sourceTree = "<group>";
		};
		D95389142B643BAD000E3357 = {
			isa = PBXGroup;
			children = (
				D953891F2B643BAD000E3357 /* SUICoordinatorExample */,
				D953891E2B643BAD000E3357 /* Products */,
			);
			sourceTree = "<group>";
		};
		D953891E2B643BAD000E3357 /* Products */ = {
			isa = PBXGroup;
			children = (
				D953891D2B643BAD000E3357 /* SUICoordinatorExample.app */,
			);
			name = Products;
			sourceTree = "<group>";
		};
		D953891F2B643BAD000E3357 /* SUICoordinatorExample */ = {
			isa = PBXGroup;
			children = (
				D91AD1F52D0D0E6200C0FEAA /* Info.plist */,
				D9B455CE2B643FBD004DD03A /* App */,
				D9B455EC2B643FBD004DD03A /* Coordinators */,
				D9B455D12B643FBD004DD03A /* Modules */,
				D91AD1F12D0D0BAD00C0FEAA /* LaunchScreen */,
				D95389222B643BAD000E3357 /* ContentView.swift */,
				D95389242B643BAE000E3357 /* Assets.xcassets */,
				D95389262B643BAE000E3357 /* Preview Content */,
			);
			path = SUICoordinatorExample;
			sourceTree = "<group>";
		};
		D95389262B643BAE000E3357 /* Preview Content */ = {
			isa = PBXGroup;
			children = (
				D95389272B643BAE000E3357 /* Preview Assets.xcassets */,
			);
			path = "Preview Content";
			sourceTree = "<group>";
		};
		D96ABF402DF8AAB400798C20 /* TabCooridnators */ = {
			isa = PBXGroup;
			children = (
				D96ABF432DF8ABBD00798C20 /* Shared */,
				D96ABF422DF8AAD700798C20 /* DefaultTabCoordinator */,
				D96ABF412DF8AAC300798C20 /* CustomTabCoordinator */,
			);
			path = TabCooridnators;
			sourceTree = "<group>";
		};
		D96ABF412DF8AAC300798C20 /* CustomTabCoordinator */ = {
			isa = PBXGroup;
			children = (
				D95959E42DF791CE00E8CE28 /* CustomTabCoordinator.swift */,
				D95959E52DF791CE00E8CE28 /* CustomTabView.swift */,
			);
			path = CustomTabCoordinator;
			sourceTree = "<group>";
		};
		D96ABF422DF8AAD700798C20 /* DefaultTabCoordinator */ = {
			isa = PBXGroup;
			children = (
				D9A4D2192DE65F4700FBAF4E /* DefaultTabView.swift */,
				D92B4E572DEDFC77000A8B3D /* DefaultTabCoordinator.swift */,
			);
			path = DefaultTabCoordinator;
			sourceTree = "<group>";
		};
		D96ABF432DF8ABBD00798C20 /* Shared */ = {
			isa = PBXGroup;
			children = (
				D9A4D2172DE65AF600FBAF4E /* MyTabPage.swift */,
				D9204C0B2DE661EC004D632D /* MyTabPageDataSource.swift */,
			);
			path = Shared;
			sourceTree = "<group>";
		};
		D9B455CE2B643FBD004DD03A /* App */ = {
			isa = PBXGroup;
			children = (
				D95389202B643BAD000E3357 /* SUICoordinatorExampleApp.swift */,
			);
			path = App;
			sourceTree = "<group>";
		};
		D9B455D12B643FBD004DD03A /* Modules */ = {
			isa = PBXGroup;
			children = (
				D9B455D22B643FBD004DD03A /* Home */,
				D9B455E22B643FBD004DD03A /* NavigationHub */,
			);
			path = Modules;
			sourceTree = "<group>";
		};
		D9B455D22B643FBD004DD03A /* Home */ = {
			isa = PBXGroup;
			children = (
				D9B455D32B643FBD004DD03A /* ActionListDetail */,
				D9B455DC2B643FBD004DD03A /* ActionList */,
			);
			path = Home;
			sourceTree = "<group>";
		};
		D9B455D32B643FBD004DD03A /* ActionListDetail */ = {
			isa = PBXGroup;
			children = (
				D9B455D42B643FBD004DD03A /* NavigationActionListDetailView.swift */,
				D9B455D52B643FBD004DD03A /* NavigationActionListDetailViewModel.swift */,
			);
			path = ActionListDetail;
			sourceTree = "<group>";
		};
		D9B455DC2B643FBD004DD03A /* ActionList */ = {
			isa = PBXGroup;
			children = (
				D9B455DD2B643FBD004DD03A /* ActionListViewModel.swift */,
				D9107CFA2B6703D80039F40D /* NavigationActionListView.swift */,
			);
			path = ActionList;
			sourceTree = "<group>";
		};
		D9B455E22B643FBD004DD03A /* NavigationHub */ = {
			isa = PBXGroup;
			children = (
				D9B455E62B643FBD004DD03A /* ActionList */,
			);
			path = NavigationHub;
			sourceTree = "<group>";
		};
		D9B455E62B643FBD004DD03A /* ActionList */ = {
			isa = PBXGroup;
			children = (
				D9630FFC2DE6B6EB00796C0C /* CoordinatorActionListViewModel.swift */,
				D9630FFE2DE6B73800796C0C /* CoordinatorActionListView.swift */,
			);
			path = ActionList;
			sourceTree = "<group>";
		};
		D9B455EC2B643FBD004DD03A /* Coordinators */ = {
			isa = PBXGroup;
			children = (
				D96ABF402DF8AAB400798C20 /* TabCooridnators */,
				D9B455F02B643FBD004DD03A /* NavigationHubCoordinator */,
				D9B455F92B643FBD004DD03A /* HomeCoordinator */,
			);
			path = Coordinators;
			sourceTree = "<group>";
		};
		D9B455F02B643FBD004DD03A /* NavigationHubCoordinator */ = {
			isa = PBXGroup;
			children = (
				D9A4D2152DE65AC900FBAF4E /* NavigationHubCoordinator.swift */,
			);
			path = NavigationHubCoordinator;
			sourceTree = "<group>";
		};
		D9B455F92B643FBD004DD03A /* HomeCoordinator */ = {
			isa = PBXGroup;
			children = (
				D9B455FA2B643FBD004DD03A /* HomeRoute.swift */,
				D9B455FB2B643FBD004DD03A /* HomeCoordinator.swift */,
			);
			path = HomeCoordinator;
			sourceTree = "<group>";
		};
/* End PBXGroup section */

/* Begin PBXNativeTarget section */
		D953891C2B643BAD000E3357 /* SUICoordinatorExample */ = {
			isa = PBXNativeTarget;
			buildConfigurationList = D953892B2B643BAE000E3357 /* Build configuration list for PBXNativeTarget "SUICoordinatorExample" */;
			buildPhases = (
				D95389192B643BAD000E3357 /* Sources */,
				D953891A2B643BAD000E3357 /* Frameworks */,
				D953891B2B643BAD000E3357 /* Resources */,
			);
			buildRules = (
			);
			dependencies = (
			);
			name = SUICoordinatorExample;
			packageProductDependencies = (
				D95389782B643C70000E3357 /* SUICoordinator */,
			);
			productName = SUICoordinatorExample;
			productReference = D953891D2B643BAD000E3357 /* SUICoordinatorExample.app */;
			productType = "com.apple.product-type.application";
		};
/* End PBXNativeTarget section */

/* Begin PBXProject section */
		D95389152B643BAD000E3357 /* Project object */ = {
			isa = PBXProject;
			attributes = {
				BuildIndependentTargetsInParallel = 1;
				LastSwiftUpdateCheck = 1520;
				LastUpgradeCheck = 2600;
				TargetAttributes = {
					D953891C2B643BAD000E3357 = {
						CreatedOnToolsVersion = 15.2;
					};
				};
			};
			buildConfigurationList = D95389182B643BAD000E3357 /* Build configuration list for PBXProject "SUICoordinatorExample" */;
			compatibilityVersion = "Xcode 14.0";
			developmentRegion = en;
			hasScannedForEncodings = 0;
			knownRegions = (
				en,
				Base,
			);
			mainGroup = D95389142B643BAD000E3357;
			packageReferences = (
				D95389772B643C70000E3357 /* XCLocalSwiftPackageReference "../.." */,
			);
			productRefGroup = D953891E2B643BAD000E3357 /* Products */;
			projectDirPath = "";
			projectRoot = "";
			targets = (
				D953891C2B643BAD000E3357 /* SUICoordinatorExample */,
			);
		};
/* End PBXProject section */

/* Begin PBXResourcesBuildPhase section */
		D953891B2B643BAD000E3357 /* Resources */ = {
			isa = PBXResourcesBuildPhase;
			buildActionMask = 2147483647;
			files = (
				D91AD1F42D0D0BDC00C0FEAA /* LaunchScreen.storyboard in Resources */,
				D95389282B643BAE000E3357 /* Preview Assets.xcassets in Resources */,
				D95389252B643BAE000E3357 /* Assets.xcassets in Resources */,
			);
			runOnlyForDeploymentPostprocessing = 0;
		};
/* End PBXResourcesBuildPhase section */

/* Begin PBXSourcesBuildPhase section */
		D95389192B643BAD000E3357 /* Sources */ = {
			isa = PBXSourcesBuildPhase;
			buildActionMask = 2147483647;
			files = (
				D95959E72DF791CE00E8CE28 /* CustomTabView.swift in Sources */,
				D95959E82DF791CE00E8CE28 /* CustomTabCoordinator.swift in Sources */,
				D9B456162B643FBD004DD03A /* HomeCoordinator.swift in Sources */,
				D9630FFF2DE6B73800796C0C /* CoordinatorActionListView.swift in Sources */,
				D9107CFB2B6703D80039F40D /* NavigationActionListView.swift in Sources */,
				D9B455FE2B643FBD004DD03A /* NavigationActionListDetailView.swift in Sources */,
				D92B4E582DEDFC77000A8B3D /* DefaultTabCoordinator.swift in Sources */,
				D9204C0C2DE661EF004D632D /* MyTabPageDataSource.swift in Sources */,
				D9A4D2162DE65AC900FBAF4E /* NavigationHubCoordinator.swift in Sources */,
				D9B456042B643FBD004DD03A /* ActionListViewModel.swift in Sources */,
				D9630FFD2DE6B6EB00796C0C /* CoordinatorActionListViewModel.swift in Sources */,
				D9A4D2182DE65AF600FBAF4E /* MyTabPage.swift in Sources */,
				D95389232B643BAD000E3357 /* ContentView.swift in Sources */,
				D9B455FF2B643FBD004DD03A /* NavigationActionListDetailViewModel.swift in Sources */,
				D95389212B643BAD000E3357 /* SUICoordinatorExampleApp.swift in Sources */,
				D9A4D21A2DE65F4700FBAF4E /* DefaultTabView.swift in Sources */,
				D9B456152B643FBD004DD03A /* HomeRoute.swift in Sources */,
			);
			runOnlyForDeploymentPostprocessing = 0;
		};
/* End PBXSourcesBuildPhase section */

/* Begin XCBuildConfiguration section */
		D95389292B643BAE000E3357 /* Debug */ = {
			isa = XCBuildConfiguration;
			buildSettings = {
				ALWAYS_SEARCH_USER_PATHS = NO;
				ASSETCATALOG_COMPILER_GENERATE_SWIFT_ASSET_SYMBOL_EXTENSIONS = YES;
				CLANG_ANALYZER_NONNULL = YES;
				CLANG_ANALYZER_NUMBER_OBJECT_CONVERSION = YES_AGGRESSIVE;
				CLANG_CXX_LANGUAGE_STANDARD = "gnu++20";
				CLANG_ENABLE_MODULES = YES;
				CLANG_ENABLE_OBJC_ARC = YES;
				CLANG_ENABLE_OBJC_WEAK = YES;
				CLANG_WARN_BLOCK_CAPTURE_AUTORELEASING = YES;
				CLANG_WARN_BOOL_CONVERSION = YES;
				CLANG_WARN_COMMA = YES;
				CLANG_WARN_CONSTANT_CONVERSION = YES;
				CLANG_WARN_DEPRECATED_OBJC_IMPLEMENTATIONS = YES;
				CLANG_WARN_DIRECT_OBJC_ISA_USAGE = YES_ERROR;
				CLANG_WARN_DOCUMENTATION_COMMENTS = YES;
				CLANG_WARN_EMPTY_BODY = YES;
				CLANG_WARN_ENUM_CONVERSION = YES;
				CLANG_WARN_INFINITE_RECURSION = YES;
				CLANG_WARN_INT_CONVERSION = YES;
				CLANG_WARN_NON_LITERAL_NULL_CONVERSION = YES;
				CLANG_WARN_OBJC_IMPLICIT_RETAIN_SELF = YES;
				CLANG_WARN_OBJC_LITERAL_CONVERSION = YES;
				CLANG_WARN_OBJC_ROOT_CLASS = YES_ERROR;
				CLANG_WARN_QUOTED_INCLUDE_IN_FRAMEWORK_HEADER = YES;
				CLANG_WARN_RANGE_LOOP_ANALYSIS = YES;
				CLANG_WARN_STRICT_PROTOTYPES = YES;
				CLANG_WARN_SUSPICIOUS_MOVE = YES;
				CLANG_WARN_UNGUARDED_AVAILABILITY = YES_AGGRESSIVE;
				CLANG_WARN_UNREACHABLE_CODE = YES;
				CLANG_WARN__DUPLICATE_METHOD_MATCH = YES;
				COPY_PHASE_STRIP = NO;
				DEBUG_INFORMATION_FORMAT = dwarf;
				ENABLE_STRICT_OBJC_MSGSEND = YES;
				ENABLE_TESTABILITY = YES;
				ENABLE_USER_SCRIPT_SANDBOXING = YES;
				GCC_C_LANGUAGE_STANDARD = gnu17;
				GCC_DYNAMIC_NO_PIC = NO;
				GCC_NO_COMMON_BLOCKS = YES;
				GCC_OPTIMIZATION_LEVEL = 0;
				GCC_PREPROCESSOR_DEFINITIONS = (
					"DEBUG=1",
					"$(inherited)",
				);
				GCC_WARN_64_TO_32_BIT_CONVERSION = YES;
				GCC_WARN_ABOUT_RETURN_TYPE = YES_ERROR;
				GCC_WARN_UNDECLARED_SELECTOR = YES;
				GCC_WARN_UNINITIALIZED_AUTOS = YES_AGGRESSIVE;
				GCC_WARN_UNUSED_FUNCTION = YES;
				GCC_WARN_UNUSED_VARIABLE = YES;
				IPHONEOS_DEPLOYMENT_TARGET = 16.0;
				LOCALIZATION_PREFERS_STRING_CATALOGS = YES;
				MTL_ENABLE_DEBUG_INFO = INCLUDE_SOURCE;
				MTL_FAST_MATH = YES;
				ONLY_ACTIVE_ARCH = YES;
				SDKROOT = iphoneos;
				STRING_CATALOG_GENERATE_SYMBOLS = YES;
				SWIFT_ACTIVE_COMPILATION_CONDITIONS = "DEBUG $(inherited)";
				SWIFT_OPTIMIZATION_LEVEL = "-Onone";
			};
			name = Debug;
		};
		D953892A2B643BAE000E3357 /* Release */ = {
			isa = XCBuildConfiguration;
			buildSettings = {
				ALWAYS_SEARCH_USER_PATHS = NO;
				ASSETCATALOG_COMPILER_GENERATE_SWIFT_ASSET_SYMBOL_EXTENSIONS = YES;
				CLANG_ANALYZER_NONNULL = YES;
				CLANG_ANALYZER_NUMBER_OBJECT_CONVERSION = YES_AGGRESSIVE;
				CLANG_CXX_LANGUAGE_STANDARD = "gnu++20";
				CLANG_ENABLE_MODULES = YES;
				CLANG_ENABLE_OBJC_ARC = YES;
				CLANG_ENABLE_OBJC_WEAK = YES;
				CLANG_WARN_BLOCK_CAPTURE_AUTORELEASING = YES;
				CLANG_WARN_BOOL_CONVERSION = YES;
				CLANG_WARN_COMMA = YES;
				CLANG_WARN_CONSTANT_CONVERSION = YES;
				CLANG_WARN_DEPRECATED_OBJC_IMPLEMENTATIONS = YES;
				CLANG_WARN_DIRECT_OBJC_ISA_USAGE = YES_ERROR;
				CLANG_WARN_DOCUMENTATION_COMMENTS = YES;
				CLANG_WARN_EMPTY_BODY = YES;
				CLANG_WARN_ENUM_CONVERSION = YES;
				CLANG_WARN_INFINITE_RECURSION = YES;
				CLANG_WARN_INT_CONVERSION = YES;
				CLANG_WARN_NON_LITERAL_NULL_CONVERSION = YES;
				CLANG_WARN_OBJC_IMPLICIT_RETAIN_SELF = YES;
				CLANG_WARN_OBJC_LITERAL_CONVERSION = YES;
				CLANG_WARN_OBJC_ROOT_CLASS = YES_ERROR;
				CLANG_WARN_QUOTED_INCLUDE_IN_FRAMEWORK_HEADER = YES;
				CLANG_WARN_RANGE_LOOP_ANALYSIS = YES;
				CLANG_WARN_STRICT_PROTOTYPES = YES;
				CLANG_WARN_SUSPICIOUS_MOVE = YES;
				CLANG_WARN_UNGUARDED_AVAILABILITY = YES_AGGRESSIVE;
				CLANG_WARN_UNREACHABLE_CODE = YES;
				CLANG_WARN__DUPLICATE_METHOD_MATCH = YES;
				COPY_PHASE_STRIP = NO;
				DEBUG_INFORMATION_FORMAT = "dwarf-with-dsym";
				ENABLE_NS_ASSERTIONS = NO;
				ENABLE_STRICT_OBJC_MSGSEND = YES;
				ENABLE_USER_SCRIPT_SANDBOXING = YES;
				GCC_C_LANGUAGE_STANDARD = gnu17;
				GCC_NO_COMMON_BLOCKS = YES;
				GCC_WARN_64_TO_32_BIT_CONVERSION = YES;
				GCC_WARN_ABOUT_RETURN_TYPE = YES_ERROR;
				GCC_WARN_UNDECLARED_SELECTOR = YES;
				GCC_WARN_UNINITIALIZED_AUTOS = YES_AGGRESSIVE;
				GCC_WARN_UNUSED_FUNCTION = YES;
				GCC_WARN_UNUSED_VARIABLE = YES;
				IPHONEOS_DEPLOYMENT_TARGET = 16.0;
				LOCALIZATION_PREFERS_STRING_CATALOGS = YES;
				MTL_ENABLE_DEBUG_INFO = NO;
				MTL_FAST_MATH = YES;
				SDKROOT = iphoneos;
				STRING_CATALOG_GENERATE_SYMBOLS = YES;
				SWIFT_COMPILATION_MODE = wholemodule;
				VALIDATE_PRODUCT = YES;
			};
			name = Release;
		};
		D953892C2B643BAE000E3357 /* Debug */ = {
			isa = XCBuildConfiguration;
			buildSettings = {
				ASSETCATALOG_COMPILER_APPICON_NAME = AppIcon;
				ASSETCATALOG_COMPILER_GLOBAL_ACCENT_COLOR_NAME = AccentColor;
				CODE_SIGN_IDENTITY = "Apple Development";
				"CODE_SIGN_IDENTITY[sdk=iphoneos*]" = "iPhone Developer";
				CODE_SIGN_STYLE = Manual;
				CURRENT_PROJECT_VERSION = 1;
				DEVELOPMENT_ASSET_PATHS = "\"SUICoordinatorExample/Preview Content\"";
				DEVELOPMENT_TEAM = "";
				ENABLE_PREVIEWS = YES;
				GENERATE_INFOPLIST_FILE = YES;
				INFOPLIST_FILE = SUICoordinatorExample/Info.plist;
				INFOPLIST_KEY_UIApplicationSceneManifest_Generation = YES;
				INFOPLIST_KEY_UIApplicationSupportsIndirectInputEvents = YES;
				INFOPLIST_KEY_UILaunchStoryboardName = LaunchScreen;
				INFOPLIST_KEY_UISupportedInterfaceOrientations_iPad = "UIInterfaceOrientationPortrait UIInterfaceOrientationPortraitUpsideDown UIInterfaceOrientationLandscapeLeft UIInterfaceOrientationLandscapeRight";
				INFOPLIST_KEY_UISupportedInterfaceOrientations_iPhone = "UIInterfaceOrientationPortrait UIInterfaceOrientationLandscapeLeft UIInterfaceOrientationLandscapeRight";
				IPHONEOS_DEPLOYMENT_TARGET = 16.0;
				LD_RUNPATH_SEARCH_PATHS = (
					"$(inherited)",
					"@executable_path/Frameworks",
				);
				MARKETING_VERSION = 1.0;
				PRODUCT_BUNDLE_IDENTIFIER = afl.SUICoordinatorExample;
				PRODUCT_NAME = "$(TARGET_NAME)";
				PROVISIONING_PROFILE_SPECIFIER = "";
				SUPPORTED_PLATFORMS = "iphoneos iphonesimulator";
				SUPPORTS_MACCATALYST = NO;
				SUPPORTS_MAC_DESIGNED_FOR_IPHONE_IPAD = NO;
				SUPPORTS_XR_DESIGNED_FOR_IPHONE_IPAD = NO;
				SWIFT_EMIT_LOC_STRINGS = YES;
				SWIFT_VERSION = 6.0;
				TARGETED_DEVICE_FAMILY = "1,2";
			};
			name = Debug;
		};
		D953892D2B643BAE000E3357 /* Release */ = {
			isa = XCBuildConfiguration;
			buildSettings = {
				ASSETCATALOG_COMPILER_APPICON_NAME = AppIcon;
				ASSETCATALOG_COMPILER_GLOBAL_ACCENT_COLOR_NAME = AccentColor;
				CODE_SIGN_IDENTITY = "Apple Development";
				CODE_SIGN_STYLE = Manual;
				CURRENT_PROJECT_VERSION = 1;
				DEVELOPMENT_ASSET_PATHS = "\"SUICoordinatorExample/Preview Content\"";
				DEVELOPMENT_TEAM = "";
				ENABLE_PREVIEWS = YES;
				GENERATE_INFOPLIST_FILE = YES;
				INFOPLIST_FILE = SUICoordinatorExample/Info.plist;
				INFOPLIST_KEY_UIApplicationSceneManifest_Generation = YES;
				INFOPLIST_KEY_UIApplicationSupportsIndirectInputEvents = YES;
				INFOPLIST_KEY_UILaunchStoryboardName = LaunchScreen;
				INFOPLIST_KEY_UISupportedInterfaceOrientations_iPad = "UIInterfaceOrientationPortrait UIInterfaceOrientationPortraitUpsideDown UIInterfaceOrientationLandscapeLeft UIInterfaceOrientationLandscapeRight";
				INFOPLIST_KEY_UISupportedInterfaceOrientations_iPhone = "UIInterfaceOrientationPortrait UIInterfaceOrientationLandscapeLeft UIInterfaceOrientationLandscapeRight";
				IPHONEOS_DEPLOYMENT_TARGET = 16.0;
				LD_RUNPATH_SEARCH_PATHS = (
					"$(inherited)",
					"@executable_path/Frameworks",
				);
				MARKETING_VERSION = 1.0;
				PRODUCT_BUNDLE_IDENTIFIER = afl.SUICoordinatorExample;
				PRODUCT_NAME = "$(TARGET_NAME)";
				PROVISIONING_PROFILE_SPECIFIER = "";
				"PROVISIONING_PROFILE_SPECIFIER[sdk=iphoneos*]" = "Developer Wildcard";
				SUPPORTED_PLATFORMS = "iphoneos iphonesimulator";
				SUPPORTS_MACCATALYST = NO;
				SUPPORTS_MAC_DESIGNED_FOR_IPHONE_IPAD = NO;
				SUPPORTS_XR_DESIGNED_FOR_IPHONE_IPAD = NO;
				SWIFT_EMIT_LOC_STRINGS = YES;
				SWIFT_VERSION = 6.0;
				TARGETED_DEVICE_FAMILY = "1,2";
			};
			name = Release;
		};
/* End XCBuildConfiguration section */

/* Begin XCConfigurationList section */
		D95389182B643BAD000E3357 /* Build configuration list for PBXProject "SUICoordinatorExample" */ = {
			isa = XCConfigurationList;
			buildConfigurations = (
				D95389292B643BAE000E3357 /* Debug */,
				D953892A2B643BAE000E3357 /* Release */,
			);
			defaultConfigurationIsVisible = 0;
			defaultConfigurationName = Release;
		};
		D953892B2B643BAE000E3357 /* Build configuration list for PBXNativeTarget "SUICoordinatorExample" */ = {
			isa = XCConfigurationList;
			buildConfigurations = (
				D953892C2B643BAE000E3357 /* Debug */,
				D953892D2B643BAE000E3357 /* Release */,
			);
			defaultConfigurationIsVisible = 0;
			defaultConfigurationName = Release;
		};
/* End XCConfigurationList section */

/* Begin XCLocalSwiftPackageReference section */
		D95389772B643C70000E3357 /* XCLocalSwiftPackageReference "../.." */ = {
			isa = XCLocalSwiftPackageReference;
			relativePath = ../..;
		};
/* End XCLocalSwiftPackageReference section */

/* Begin XCSwiftPackageProductDependency section */
		D95389782B643C70000E3357 /* SUICoordinator */ = {
			isa = XCSwiftPackageProductDependency;
			productName = SUICoordinator;
		};
/* End XCSwiftPackageProductDependency section */
	};
	rootObject = D95389152B643BAD000E3357 /* Project object */;
}
